{
  "name": "dbay",
  "version": "14.14.0",
  "lockfileVersion": 2,
  "requires": true,
  "packages": {
    "": {
      "name": "dbay",
      "version": "14.14.0",
      "hasInstallScript": true,
      "license": "MIT",
      "dependencies": {
        "dayjs": "1.11.6",
        "dbay-sql-macros": "0.1.0",
        "exit-hook": "^2.2.1",
        "guy": "12.1.0",
        "guy-legacy": "npm:guy@4",
        "intertype": "7.7.0"
      }
    },
    "node_modules/@babel/runtime-corejs3": {
      "version": "7.20.6",
      "resolved": "https://registry.npmjs.org/@babel/runtime-corejs3/-/runtime-corejs3-7.20.6.tgz",
      "integrity": "sha512-tqeujPiuEfcH067mx+7otTQWROVMKHXEaOQcAeNV5dDdbPWvPcFA8/W9LXw2NfjNmOetqLl03dfnG2WALPlsRQ==",
      "dependencies": {
        "core-js-pure": "^3.25.1",
        "regenerator-runtime": "^0.13.11"
      },
      "engines": {
        "node": ">=6.9.0"
      }
    },
    "node_modules/acorn": {
      "version": "8.8.1",
      "resolved": "https://registry.npmjs.org/acorn/-/acorn-8.8.1.tgz",
      "integrity": "sha512-7zFpHzhnqYKrkYdUjF1HI1bzd0VygEGX8lFk4k5zVMqHEoES+P+7TKI+EvLO9WVMJ8eekdO0aDEK044xTXwPPA==",
      "peer": true,
      "bin": {
        "acorn": "bin/acorn"
      },
      "engines": {
        "node": ">=0.4.0"
      }
    },
    "node_modules/acorn-loose": {
      "version": "8.3.0",
      "resolved": "https://registry.npmjs.org/acorn-loose/-/acorn-loose-8.3.0.tgz",
      "integrity": "sha512-75lAs9H19ldmW+fAbyqHdjgdCrz0pWGXKmnqFoh8PyVd1L2RIb4RzYrSjmopeqv3E1G3/Pimu6GgLlrGbrkF7w==",
      "peer": true,
      "dependencies": {
        "acorn": "^8.5.0"
      },
      "engines": {
        "node": ">=0.4.0"
      }
    },
    "node_modules/acorn-walk": {
      "version": "8.2.0",
      "resolved": "https://registry.npmjs.org/acorn-walk/-/acorn-walk-8.2.0.tgz",
      "integrity": "sha512-k+iyHEuPgSw6SbuDpGQM+06HQUa04DZ3o+F6CSzXMvvI5KMvnaEqXe+YVe555R9nn6GPt404fos4wcgpw12SDA==",
      "peer": true,
      "engines": {
        "node": ">=0.4.0"
      }
    },
    "node_modules/ansi-regex": {
      "version": "5.0.1",
      "resolved": "https://registry.npmjs.org/ansi-regex/-/ansi-regex-5.0.1.tgz",
      "integrity": "sha512-quJQXlTSUGL2LH9SUXo8VwsY4soanhgo6LNSm84E1LBcE8s3O0wpdiRzyR9z/ZZJMlMWv37qOOb9pdJlMUEKFQ==",
      "engines": {
        "node": ">=8"
      }
    },
    "node_modules/astring": {
      "version": "1.8.3",
      "resolved": "https://registry.npmjs.org/astring/-/astring-1.8.3.tgz",
      "integrity": "sha512-sRpyiNrx2dEYIMmUXprS8nlpRg2Drs8m9ElX9vVEXaCB4XEAJhKfs7IcX0IwShjuOAjLR6wzIrgoptz1n19i1A==",
      "peer": true,
      "bin": {
        "astring": "bin/astring"
      }
    },
    "node_modules/balanced-match": {
      "version": "1.0.2",
      "resolved": "https://registry.npmjs.org/balanced-match/-/balanced-match-1.0.2.tgz",
      "integrity": "sha512-3oSeUO0TMV67hN1AmbXsK4yaqU7tjiHlbxRDZOpH0KW9+CeX4bRAaX0Anxt0tx2MrpRpWwQaPwIlISEJhYU5Pw==",
      "peer": true
    },
    "node_modules/brace-expansion": {
      "version": "1.1.11",
      "resolved": "https://registry.npmjs.org/brace-expansion/-/brace-expansion-1.1.11.tgz",
      "integrity": "sha512-iCuPHDFgrHX7H2vEI/5xpz07zSHB00TpugqhmYtVmMO6518mCuRMoOYFldEBl0g187ufozdaHgWKcYFb61qGiA==",
      "peer": true,
      "dependencies": {
        "balanced-match": "^1.0.0",
        "concat-map": "0.0.1"
      }
    },
    "node_modules/concat-map": {
      "version": "0.0.1",
      "resolved": "https://registry.npmjs.org/concat-map/-/concat-map-0.0.1.tgz",
      "integrity": "sha512-/Srv4dswyQNBfohGpz9o6Yb3Gz3SrUDqBH5rTuhGR7ahtlbYKnVxw2bCFMRljaA7EXHaXZ8wsHdodFvbkhKmqg==",
      "peer": true
    },
    "node_modules/core-js-pure": {
      "version": "3.26.1",
      "resolved": "https://registry.npmjs.org/core-js-pure/-/core-js-pure-3.26.1.tgz",
      "integrity": "sha512-VVXcDpp/xJ21KdULRq/lXdLzQAtX7+37LzpyfFM973il0tWSsDEoyzG38G14AjTpK9VTfiNM9jnFauq/CpaWGQ==",
      "hasInstallScript": true,
      "funding": {
        "type": "opencollective",
        "url": "https://opencollective.com/core-js"
      }
    },
    "node_modules/dayjs": {
      "version": "1.11.6",
      "resolved": "https://registry.npmjs.org/dayjs/-/dayjs-1.11.6.tgz",
      "integrity": "sha512-zZbY5giJAinCG+7AGaw0wIhNZ6J8AhWuSXKvuc1KAyMiRsvGQWqh4L+MomvhdAYjN+lqvVCMq1I41e3YHvXkyQ=="
    },
    "node_modules/dbay-sql-lexer": {
      "version": "1.1.0",
      "resolved": "https://registry.npmjs.org/dbay-sql-lexer/-/dbay-sql-lexer-1.1.0.tgz",
      "integrity": "sha512-fu4+VbDHClhDzUzjX76CxTDeSd6+GBv/zh18eK2SVaEDsrp/FRha3+BWqYQbAKWDAjqCswmY/uao4wkgrUgP8Q==",
      "dependencies": {
        "guy": "11.11.0"
      }
    },
    "node_modules/dbay-sql-lexer/node_modules/guy": {
      "version": "11.11.0",
      "resolved": "https://registry.npmjs.org/guy/-/guy-11.11.0.tgz",
      "integrity": "sha512-HaCuFCQ647cT/BsvFTgxwQ2gBliJeWUqvcRrk1wTP6IF0VE2UmbFYqzZXR9hVm+3AkCwCA1sd8nPhXBINSMwpQ==",
      "dependencies": {
        "intertype-legacy": "^7.7.1",
        "letsfreezethat": "^3.1.0"
      },
      "peerDependencies": {
        "acorn": "^8.7.1",
        "acorn-loose": "^8.3.0",
        "acorn-walk": "^8.2.0",
        "astring": "^1.8.3",
        "tmp": "^0.2.1"
      }
    },
    "node_modules/dbay-sql-macros": {
      "version": "0.1.0",
      "resolved": "https://registry.npmjs.org/dbay-sql-macros/-/dbay-sql-macros-0.1.0.tgz",
      "integrity": "sha512-2L/DT//wLoy4pOycjxqI2bs4yJFqS+MQql1rARFzMBuMkjR35Jvi/QOLSL7DMcWkjUF7gCiwOYLA5BRwsWxBsA==",
      "dependencies": {
        "dbay-sql-lexer": "^1.0.0",
        "guy": "11.12.0",
        "intertype": "0.105.0",
        "xregexp": "^5.1.1"
      }
    },
    "node_modules/dbay-sql-macros/node_modules/guy": {
      "version": "11.12.0",
      "resolved": "https://registry.npmjs.org/guy/-/guy-11.12.0.tgz",
      "integrity": "sha512-lRYE5cZFTa1mNWtz2oTWxRWR8JUfGVb5kft0/rMxRYFh8zrffI+Zi5qwVGTL8G047qa8i/iNfAi/2MDc3Kufpg==",
      "dependencies": {
        "intertype-legacy": "^7.7.1",
        "letsfreezethat": "^3.1.0"
      },
      "peerDependencies": {
        "acorn": "^8.7.1",
        "acorn-loose": "^8.3.0",
        "acorn-walk": "^8.2.0",
        "astring": "^1.8.3",
        "tmp": "^0.2.1"
      }
    },
    "node_modules/dbay-sql-macros/node_modules/intertype": {
      "version": "0.105.0",
      "resolved": "https://registry.npmjs.org/intertype/-/intertype-0.105.0.tgz",
      "integrity": "sha512-Cjyo+LH1BjcJb2pU8UYpUvkcxGekDD5SV9nLPpIlXhBI097pLggVAmkx1hqroH2UE3AfcDOMtIp27VsQHQNVXQ==",
      "dependencies": {
        "guy": "11.12.0",
        "intertype-legacy": "^7.7.1",
        "rfdc": "^1.3.0",
        "to-width": "^1.2.0"
      }
    },
    "node_modules/emoji-regex": {
      "version": "8.0.0",
      "resolved": "https://registry.npmjs.org/emoji-regex/-/emoji-regex-8.0.0.tgz",
      "integrity": "sha512-MSjYzcWNOA0ewAHpz0MxpYFvwg6yjy1NG3xteoqz644VCo/RPgnr1/GGt+ic3iJTzQ8Eu3TdM14SawnVUmGE6A=="
    },
    "node_modules/exit-hook": {
      "version": "2.2.1",
      "resolved": "https://registry.npmjs.org/exit-hook/-/exit-hook-2.2.1.tgz",
      "integrity": "sha512-eNTPlAD67BmP31LDINZ3U7HSF8l57TxOY2PmBJ1shpCvpnxBF93mWCE8YHBnXs8qiUZJc9WDcWIeC3a2HIAMfw==",
      "engines": {
        "node": ">=6"
      },
      "funding": {
        "url": "https://github.com/sponsors/sindresorhus"
      }
    },
    "node_modules/fs.realpath": {
      "version": "1.0.0",
      "resolved": "https://registry.npmjs.org/fs.realpath/-/fs.realpath-1.0.0.tgz",
      "integrity": "sha512-OO0pH2lK6a0hZnAdau5ItzHPI6pUlvI7jMVnxUQRtw4owF2wk8lOSabtGDCTP4Ggrg2MbGnWO9X8K1t4+fGMDw==",
      "peer": true
    },
    "node_modules/glob": {
      "version": "7.2.3",
      "resolved": "https://registry.npmjs.org/glob/-/glob-7.2.3.tgz",
      "integrity": "sha512-nFR0zLpU2YCaRxwoCJvL6UvCH2JFyFVIvwTLsIf21AuHlMskA1hhTdk+LlYJtOlYt9v6dvszD2BGRqBL+iQK9Q==",
      "peer": true,
      "dependencies": {
        "fs.realpath": "^1.0.0",
        "inflight": "^1.0.4",
        "inherits": "2",
        "minimatch": "^3.1.1",
        "once": "^1.3.0",
        "path-is-absolute": "^1.0.0"
      },
      "engines": {
        "node": "*"
      },
      "funding": {
        "url": "https://github.com/sponsors/isaacs"
      }
    },
    "node_modules/guy": {
      "version": "12.1.0",
      "resolved": "https://registry.npmjs.org/guy/-/guy-12.1.0.tgz",
      "integrity": "sha512-S7WoPvgkRORihmBRDwqjv29tvZ2NF8D33gYR23l6/Yx65kUIdgC1KZYCaidhqaSUbg4ocKxNxNDPRfX5iNTSbA==",
      "dependencies": {
        "intertype-legacy": "^7.7.1",
        "letsfreezethat": "^3.1.0"
      },
      "peerDependencies": {
        "acorn": "^8.7.1",
        "acorn-loose": "^8.3.0",
        "acorn-walk": "^8.2.0",
        "astring": "^1.8.3",
        "tmp": "^0.2.1"
      }
    },
    "node_modules/guy-legacy": {
      "name": "guy",
      "version": "4.2.0",
      "resolved": "https://registry.npmjs.org/guy/-/guy-4.2.0.tgz",
      "integrity": "sha512-ppWljP+64o2qH0K1ia3Px9dBPftO4ILN23J9hLHQH+AcGfoBjGd2HDQGAc8rOx3RIyBiwObt8bFJiu0zXPtXmw==",
      "dependencies": {
        "cnd": "9.2.2",
        "intertype": "7.6.7",
        "letsfreezethat": "^3.1.0"
      }
    },
    "node_modules/guy-legacy/node_modules/cnd": {
      "version": "9.2.2",
      "resolved": "https://registry.npmjs.org/cnd/-/cnd-9.2.2.tgz",
      "integrity": "sha512-F+/H+7luk4fZkvN0+MT0I2nwn80YM/EtfMttNUFxENR50XJH4g0KgQevzeyEJ8B6t6l8Tb4Xti6QAksa8DmePA==",
      "dependencies": {
        "jsx-number-format": "^0.1.4"
      },
      "bin": {
        "nodexh": "bin/nodexh"
      }
    },
    "node_modules/guy-legacy/node_modules/intertype": {
      "version": "7.6.7",
      "resolved": "https://registry.npmjs.org/intertype/-/intertype-7.6.7.tgz",
      "integrity": "sha512-vBgYabqxX3fLa9f0Z3QeXgYszadAGdAHXdLcdQc5ZxZSG5CmbJCdYcudZLYtgmNo8epQag8zzyg7wwx+OD5J8g==",
      "dependencies": {
        "multimix": "^5.0.0"
      }
    },
    "node_modules/inflight": {
      "version": "1.0.6",
      "resolved": "https://registry.npmjs.org/inflight/-/inflight-1.0.6.tgz",
      "integrity": "sha512-k92I/b08q4wvFscXCLvqfsHCrjrF7yiXsQuIVvVE7N82W3+aqpzuUdBbfhWcy/FZR3/4IgflMgKLOsvPDrGCJA==",
      "peer": true,
      "dependencies": {
        "once": "^1.3.0",
        "wrappy": "1"
      }
    },
    "node_modules/inherits": {
      "version": "2.0.4",
      "resolved": "https://registry.npmjs.org/inherits/-/inherits-2.0.4.tgz",
      "integrity": "sha512-k/vGaX4/Yla3WzyMCvTQOXYeIHvqOKtnqBduzTHpzpQZzAskKMhZ2K+EnBiSM9zGSoIFeMpXKxa4dYeZIQqewQ==",
      "peer": true
    },
    "node_modules/intertype": {
      "version": "7.7.0",
      "resolved": "https://registry.npmjs.org/intertype/-/intertype-7.7.0.tgz",
      "integrity": "sha512-Sv923oXpq9In8/CuxP5KAKc3FIETOEl23ltwSfLOnn/8V8A5pDRlxWo0vhaA6p7WybRMgeZXsE4Etw98tWUMPA==",
      "dependencies": {
        "multimix": "^5.0.0"
      }
    },
    "node_modules/intertype-legacy": {
      "version": "7.7.1",
      "resolved": "https://registry.npmjs.org/intertype-legacy/-/intertype-legacy-7.7.1.tgz",
      "integrity": "sha512-Bj3k9bCu8vA6JLIvnCrJXOdkecgY5wtCmORclJ87uq22N53swREHT5bezSeK5TwcxgSJEDg2wEfcn4kNr9Qv8A==",
      "dependencies": {
        "multimix": "^5.0.0"
      }
    },
    "node_modules/is-fullwidth-code-point": {
      "version": "3.0.0",
      "resolved": "https://registry.npmjs.org/is-fullwidth-code-point/-/is-fullwidth-code-point-3.0.0.tgz",
      "integrity": "sha512-zymm5+u+sCsSWyD9qNaejV3DFvhCKclKdizYaJUuHA83RLjb7nSuGnddCHGv0hk+KY7BMAlsWeK4Ueg6EV6XQg==",
      "engines": {
        "node": ">=8"
      }
    },
    "node_modules/jsx-number-format": {
      "version": "0.1.5",
      "resolved": "https://registry.npmjs.org/jsx-number-format/-/jsx-number-format-0.1.5.tgz",
      "integrity": "sha512-eS1SvW5Lm+UQOrpxqtTF6NgPDupYlCV1GXJr+f/1yp+nwQH/4qW6XarwCcdphQjNHrJFC4ko2MgRyRDS/ypqZw=="
    },
    "node_modules/letsfreezethat": {
      "version": "3.1.0",
      "resolved": "https://registry.npmjs.org/letsfreezethat/-/letsfreezethat-3.1.0.tgz",
      "integrity": "sha512-jJ1nvvQi6unW0WifjNPMIb64Byom0EXzSKWFYA++EpyjK3qv1J2pqeSoEJ61tGJoNG0GoNjPoeLYhxW16riZaA=="
    },
    "node_modules/minimatch": {
      "version": "3.1.2",
      "resolved": "https://registry.npmjs.org/minimatch/-/minimatch-3.1.2.tgz",
      "integrity": "sha512-J7p63hRiAjw1NDEww1W7i37+ByIrOWO5XQQAzZ3VOcL0PNybwpfmV/N05zFAzwQ9USyEcX6t3UO+K5aqBQOIHw==",
      "peer": true,
      "dependencies": {
        "brace-expansion": "^1.1.7"
      },
      "engines": {
        "node": "*"
      }
    },
    "node_modules/multimix": {
      "version": "5.0.0",
      "resolved": "https://registry.npmjs.org/multimix/-/multimix-5.0.0.tgz",
      "integrity": "sha512-N9cdGSDDD7kxOV7R6e4iZqsHTZ4F4iiSDWqMcVqx4gEH6HBtRXav39Gj3fgT1YqvBcwPCQuf0Oa5R2cDaLWK8A=="
    },
    "node_modules/once": {
      "version": "1.4.0",
      "resolved": "https://registry.npmjs.org/once/-/once-1.4.0.tgz",
      "integrity": "sha512-lNaJgI+2Q5URQBkccEKHTQOPaXdUxnZZElQTZY0MFUAuaEqe1E+Nyvgdz/aIyNi6Z9MzO5dv1H8n58/GELp3+w==",
      "peer": true,
      "dependencies": {
        "wrappy": "1"
      }
    },
    "node_modules/path-is-absolute": {
      "version": "1.0.1",
      "resolved": "https://registry.npmjs.org/path-is-absolute/-/path-is-absolute-1.0.1.tgz",
      "integrity": "sha512-AVbw3UJ2e9bq64vSaS9Am0fje1Pa8pbGqTTsmXfaIiMpnr5DlDhfJOuLj9Sf95ZPVDAUerDfEk88MPmPe7UCQg==",
      "peer": true,
      "engines": {
        "node": ">=0.10.0"
      }
    },
    "node_modules/regenerator-runtime": {
      "version": "0.13.11",
      "resolved": "https://registry.npmjs.org/regenerator-runtime/-/regenerator-runtime-0.13.11.tgz",
      "integrity": "sha512-kY1AZVr2Ra+t+piVaJ4gxaFaReZVH40AKNo7UCX6W+dEwBo/2oZJzqfuN1qLq1oL45o56cPaTXELwrTh8Fpggg=="
    },
    "node_modules/rfdc": {
      "version": "1.3.0",
      "resolved": "https://registry.npmjs.org/rfdc/-/rfdc-1.3.0.tgz",
      "integrity": "sha512-V2hovdzFbOi77/WajaSMXk2OLm+xNIeQdMMuB7icj7bk6zi2F8GGAxigcnDFpJHbNyNcgyJDiP+8nOrY5cZGrA=="
    },
    "node_modules/rimraf": {
      "version": "3.0.2",
      "resolved": "https://registry.npmjs.org/rimraf/-/rimraf-3.0.2.tgz",
      "integrity": "sha512-JZkJMZkAGFFPP2YqXZXPbMlMBgsxzE8ILs4lMIX/2o0L9UBw9O/Y3o6wFw/i9YLapcUJWwqbi3kdxIPdC62TIA==",
      "peer": true,
      "dependencies": {
        "glob": "^7.1.3"
      },
      "bin": {
        "rimraf": "bin.js"
      },
      "funding": {
        "url": "https://github.com/sponsors/isaacs"
      }
    },
    "node_modules/string-width": {
      "version": "4.2.3",
      "resolved": "https://registry.npmjs.org/string-width/-/string-width-4.2.3.tgz",
      "integrity": "sha512-wKyQRQpjJ0sIp62ErSZdGsjMJWsap5oRNihHhu6G7JVO/9jIB6UyevL+tXuOqrng8j/cxKTWyWUwvSTriiZz/g==",
      "dependencies": {
        "emoji-regex": "^8.0.0",
        "is-fullwidth-code-point": "^3.0.0",
        "strip-ansi": "^6.0.1"
      },
      "engines": {
        "node": ">=8"
      }
    },
    "node_modules/strip-ansi": {
      "version": "6.0.1",
      "resolved": "https://registry.npmjs.org/strip-ansi/-/strip-ansi-6.0.1.tgz",
      "integrity": "sha512-Y38VPSHcqkFrCpFnQ9vuSXmquuv5oXOKpGeT6aGrr3o3Gc9AlVa6JBfUSOCnbxGGZF+/0ooI7KrPuUSztUdU5A==",
      "dependencies": {
        "ansi-regex": "^5.0.1"
      },
      "engines": {
        "node": ">=8"
      }
    },
    "node_modules/tmp": {
      "version": "0.2.1",
      "resolved": "https://registry.npmjs.org/tmp/-/tmp-0.2.1.tgz",
      "integrity": "sha512-76SUhtfqR2Ijn+xllcI5P1oyannHNHByD80W1q447gU3mp9G9PSpGdWmjUOHRDPiHYacIk66W7ubDTuPF3BEtQ==",
      "peer": true,
      "dependencies": {
        "rimraf": "^3.0.0"
      },
      "engines": {
        "node": ">=8.17.0"
      }
    },
    "node_modules/to-width": {
      "version": "1.2.0",
      "resolved": "https://registry.npmjs.org/to-width/-/to-width-1.2.0.tgz",
      "integrity": "sha512-ok/CRyzSZVA6xk9t5PuWuh3SHqCtKCkhI6dfF2YaVX11clXz4yAxxyesC27+m54ilrMRtqTI9UNQRct8lwVYZQ==",
      "dependencies": {
        "string-width": "4.2.3",
        "wcstring": "^2.1.1"
      }
    },
    "node_modules/varsize-string": {
      "version": "2.2.2",
      "resolved": "https://registry.npmjs.org/varsize-string/-/varsize-string-2.2.2.tgz",
      "integrity": "sha512-Wuq8/cNzDSWYYQ1KlTk6IyGrRJOMU1YX21RSgEl3psbAGdExTBOIDWd80Z1n74A/24kStNT9QgylJHVjqgRpsQ=="
    },
    "node_modules/wcsize": {
      "version": "1.0.0",
      "resolved": "https://registry.npmjs.org/wcsize/-/wcsize-1.0.0.tgz",
      "integrity": "sha512-80ziCk3Z+iLfhgAbMBMU+PjoSFi9dg0FIKYd9xRiF15wfwJlzxu1mdIUdIv9iE1gpkX/4hV2QBbkNlydXgEFMA=="
    },
    "node_modules/wcstring": {
      "version": "2.1.1",
      "resolved": "https://registry.npmjs.org/wcstring/-/wcstring-2.1.1.tgz",
      "integrity": "sha512-81yoFUY/2Fw4RFzIkrlC47g7023/XkKofj62CNFT1kdZn6z7o2xhz8ffR7Wat76SuJTmrFNLmGDd7FLaZsIo5A==",
      "dependencies": {
        "varsize-string": "^2.2.1",
        "wcsize": "^1.0.0"
      }
    },
    "node_modules/wrappy": {
      "version": "1.0.2",
      "resolved": "https://registry.npmjs.org/wrappy/-/wrappy-1.0.2.tgz",
      "integrity": "sha512-l4Sp/DRseor9wL6EvV2+TuQn63dMkPjZ/sp9XkghTEbV9KlPS1xUsZ3u7/IQO4wxtcFB4bgpQPRcR3QCvezPcQ==",
      "peer": true
    },
    "node_modules/xregexp": {
      "version": "5.1.1",
      "resolved": "https://registry.npmjs.org/xregexp/-/xregexp-5.1.1.tgz",
      "integrity": "sha512-fKXeVorD+CzWvFs7VBuKTYIW63YD1e1osxwQ8caZ6o1jg6pDAbABDG54LCIq0j5cy7PjRvGIq6sef9DYPXpncg==",
      "dependencies": {
        "@babel/runtime-corejs3": "^7.16.5"
      }
    }
  },
  "dependencies": {
    "@babel/runtime-corejs3": {
      "version": "7.20.6",
      "resolved": "https://registry.npmjs.org/@babel/runtime-corejs3/-/runtime-corejs3-7.20.6.tgz",
      "integrity": "sha512-tqeujPiuEfcH067mx+7otTQWROVMKHXEaOQcAeNV5dDdbPWvPcFA8/W9LXw2NfjNmOetqLl03dfnG2WALPlsRQ==",
      "requires": {
        "core-js-pure": "^3.25.1",
        "regenerator-runtime": "^0.13.11"
      }
    },
    "acorn": {
      "version": "8.8.1",
      "resolved": "https://registry.npmjs.org/acorn/-/acorn-8.8.1.tgz",
      "integrity": "sha512-7zFpHzhnqYKrkYdUjF1HI1bzd0VygEGX8lFk4k5zVMqHEoES+P+7TKI+EvLO9WVMJ8eekdO0aDEK044xTXwPPA==",
      "peer": true
    },
    "acorn-loose": {
      "version": "8.3.0",
      "resolved": "https://registry.npmjs.org/acorn-loose/-/acorn-loose-8.3.0.tgz",
      "integrity": "sha512-75lAs9H19ldmW+fAbyqHdjgdCrz0pWGXKmnqFoh8PyVd1L2RIb4RzYrSjmopeqv3E1G3/Pimu6GgLlrGbrkF7w==",
      "peer": true,
      "requires": {
        "acorn": "^8.5.0"
      }
    },
    "acorn-walk": {
      "version": "8.2.0",
      "resolved": "https://registry.npmjs.org/acorn-walk/-/acorn-walk-8.2.0.tgz",
      "integrity": "sha512-k+iyHEuPgSw6SbuDpGQM+06HQUa04DZ3o+F6CSzXMvvI5KMvnaEqXe+YVe555R9nn6GPt404fos4wcgpw12SDA==",
      "peer": true
    },
    "ansi-regex": {
      "version": "5.0.1",
      "resolved": "https://registry.npmjs.org/ansi-regex/-/ansi-regex-5.0.1.tgz",
      "integrity": "sha512-quJQXlTSUGL2LH9SUXo8VwsY4soanhgo6LNSm84E1LBcE8s3O0wpdiRzyR9z/ZZJMlMWv37qOOb9pdJlMUEKFQ=="
    },
    "astring": {
      "version": "1.8.3",
      "resolved": "https://registry.npmjs.org/astring/-/astring-1.8.3.tgz",
      "integrity": "sha512-sRpyiNrx2dEYIMmUXprS8nlpRg2Drs8m9ElX9vVEXaCB4XEAJhKfs7IcX0IwShjuOAjLR6wzIrgoptz1n19i1A==",
      "peer": true
    },
    "balanced-match": {
      "version": "1.0.2",
      "resolved": "https://registry.npmjs.org/balanced-match/-/balanced-match-1.0.2.tgz",
      "integrity": "sha512-3oSeUO0TMV67hN1AmbXsK4yaqU7tjiHlbxRDZOpH0KW9+CeX4bRAaX0Anxt0tx2MrpRpWwQaPwIlISEJhYU5Pw==",
      "peer": true
    },
    "brace-expansion": {
      "version": "1.1.11",
      "resolved": "https://registry.npmjs.org/brace-expansion/-/brace-expansion-1.1.11.tgz",
      "integrity": "sha512-iCuPHDFgrHX7H2vEI/5xpz07zSHB00TpugqhmYtVmMO6518mCuRMoOYFldEBl0g187ufozdaHgWKcYFb61qGiA==",
      "peer": true,
      "requires": {
        "balanced-match": "^1.0.0",
        "concat-map": "0.0.1"
      }
    },
    "concat-map": {
      "version": "0.0.1",
      "resolved": "https://registry.npmjs.org/concat-map/-/concat-map-0.0.1.tgz",
      "integrity": "sha512-/Srv4dswyQNBfohGpz9o6Yb3Gz3SrUDqBH5rTuhGR7ahtlbYKnVxw2bCFMRljaA7EXHaXZ8wsHdodFvbkhKmqg==",
      "peer": true
    },
    "core-js-pure": {
      "version": "3.26.1",
      "resolved": "https://registry.npmjs.org/core-js-pure/-/core-js-pure-3.26.1.tgz",
      "integrity": "sha512-VVXcDpp/xJ21KdULRq/lXdLzQAtX7+37LzpyfFM973il0tWSsDEoyzG38G14AjTpK9VTfiNM9jnFauq/CpaWGQ=="
    },
    "dayjs": {
      "version": "1.11.6",
      "resolved": "https://registry.npmjs.org/dayjs/-/dayjs-1.11.6.tgz",
      "integrity": "sha512-zZbY5giJAinCG+7AGaw0wIhNZ6J8AhWuSXKvuc1KAyMiRsvGQWqh4L+MomvhdAYjN+lqvVCMq1I41e3YHvXkyQ=="
    },
    "dbay-sql-lexer": {
      "version": "1.1.0",
      "resolved": "https://registry.npmjs.org/dbay-sql-lexer/-/dbay-sql-lexer-1.1.0.tgz",
      "integrity": "sha512-fu4+VbDHClhDzUzjX76CxTDeSd6+GBv/zh18eK2SVaEDsrp/FRha3+BWqYQbAKWDAjqCswmY/uao4wkgrUgP8Q==",
      "requires": {
        "guy": "11.11.0"
      },
      "dependencies": {
        "guy": {
          "version": "11.11.0",
          "resolved": "https://registry.npmjs.org/guy/-/guy-11.11.0.tgz",
          "integrity": "sha512-HaCuFCQ647cT/BsvFTgxwQ2gBliJeWUqvcRrk1wTP6IF0VE2UmbFYqzZXR9hVm+3AkCwCA1sd8nPhXBINSMwpQ==",
          "requires": {
            "intertype-legacy": "^7.7.1",
            "letsfreezethat": "^3.1.0"
          }
        }
      }
    },
    "dbay-sql-macros": {
      "version": "0.1.0",
      "resolved": "https://registry.npmjs.org/dbay-sql-macros/-/dbay-sql-macros-0.1.0.tgz",
      "integrity": "sha512-2L/DT//wLoy4pOycjxqI2bs4yJFqS+MQql1rARFzMBuMkjR35Jvi/QOLSL7DMcWkjUF7gCiwOYLA5BRwsWxBsA==",
      "requires": {
        "dbay-sql-lexer": "^1.0.0",
        "guy": "11.12.0",
        "intertype": "0.105.0",
        "xregexp": "^5.1.1"
      },
      "dependencies": {
        "guy": {
          "version": "11.12.0",
          "resolved": "https://registry.npmjs.org/guy/-/guy-11.12.0.tgz",
          "integrity": "sha512-lRYE5cZFTa1mNWtz2oTWxRWR8JUfGVb5kft0/rMxRYFh8zrffI+Zi5qwVGTL8G047qa8i/iNfAi/2MDc3Kufpg==",
          "requires": {
            "intertype-legacy": "^7.7.1",
            "letsfreezethat": "^3.1.0"
          }
        },
        "intertype": {
          "version": "0.105.0",
          "resolved": "https://registry.npmjs.org/intertype/-/intertype-0.105.0.tgz",
          "integrity": "sha512-Cjyo+LH1BjcJb2pU8UYpUvkcxGekDD5SV9nLPpIlXhBI097pLggVAmkx1hqroH2UE3AfcDOMtIp27VsQHQNVXQ==",
          "requires": {
            "guy": "11.12.0",
            "intertype-legacy": "^7.7.1",
            "rfdc": "^1.3.0",
            "to-width": "^1.2.0"
          }
        }
      }
    },
    "emoji-regex": {
      "version": "8.0.0",
      "resolved": "https://registry.npmjs.org/emoji-regex/-/emoji-regex-8.0.0.tgz",
      "integrity": "sha512-MSjYzcWNOA0ewAHpz0MxpYFvwg6yjy1NG3xteoqz644VCo/RPgnr1/GGt+ic3iJTzQ8Eu3TdM14SawnVUmGE6A=="
    },
    "exit-hook": {
      "version": "2.2.1",
      "resolved": "https://registry.npmjs.org/exit-hook/-/exit-hook-2.2.1.tgz",
      "integrity": "sha512-eNTPlAD67BmP31LDINZ3U7HSF8l57TxOY2PmBJ1shpCvpnxBF93mWCE8YHBnXs8qiUZJc9WDcWIeC3a2HIAMfw=="
    },
    "fs.realpath": {
      "version": "1.0.0",
      "resolved": "https://registry.npmjs.org/fs.realpath/-/fs.realpath-1.0.0.tgz",
      "integrity": "sha512-OO0pH2lK6a0hZnAdau5ItzHPI6pUlvI7jMVnxUQRtw4owF2wk8lOSabtGDCTP4Ggrg2MbGnWO9X8K1t4+fGMDw==",
      "peer": true
    },
    "glob": {
      "version": "7.2.3",
      "resolved": "https://registry.npmjs.org/glob/-/glob-7.2.3.tgz",
      "integrity": "sha512-nFR0zLpU2YCaRxwoCJvL6UvCH2JFyFVIvwTLsIf21AuHlMskA1hhTdk+LlYJtOlYt9v6dvszD2BGRqBL+iQK9Q==",
      "peer": true,
      "requires": {
        "fs.realpath": "^1.0.0",
        "inflight": "^1.0.4",
        "inherits": "2",
        "minimatch": "^3.1.1",
        "once": "^1.3.0",
        "path-is-absolute": "^1.0.0"
      }
    },
    "guy": {
      "version": "12.1.0",
      "resolved": "https://registry.npmjs.org/guy/-/guy-12.1.0.tgz",
      "integrity": "sha512-S7WoPvgkRORihmBRDwqjv29tvZ2NF8D33gYR23l6/Yx65kUIdgC1KZYCaidhqaSUbg4ocKxNxNDPRfX5iNTSbA==",
      "requires": {
        "intertype-legacy": "^7.7.1",
        "letsfreezethat": "^3.1.0"
      }
    },
    "guy-legacy": {
      "version": "npm:guy@4.2.0",
      "resolved": "https://registry.npmjs.org/guy/-/guy-4.2.0.tgz",
      "integrity": "sha512-ppWljP+64o2qH0K1ia3Px9dBPftO4ILN23J9hLHQH+AcGfoBjGd2HDQGAc8rOx3RIyBiwObt8bFJiu0zXPtXmw==",
      "requires": {
        "cnd": "9.2.2",
        "intertype": "7.6.7",
        "letsfreezethat": "^3.1.0"
      },
      "dependencies": {
        "cnd": {
          "version": "9.2.2",
          "resolved": "https://registry.npmjs.org/cnd/-/cnd-9.2.2.tgz",
          "integrity": "sha512-F+/H+7luk4fZkvN0+MT0I2nwn80YM/EtfMttNUFxENR50XJH4g0KgQevzeyEJ8B6t6l8Tb4Xti6QAksa8DmePA==",
          "requires": {
            "jsx-number-format": "^0.1.4"
          }
        },
        "intertype": {
          "version": "7.6.7",
          "resolved": "https://registry.npmjs.org/intertype/-/intertype-7.6.7.tgz",
          "integrity": "sha512-vBgYabqxX3fLa9f0Z3QeXgYszadAGdAHXdLcdQc5ZxZSG5CmbJCdYcudZLYtgmNo8epQag8zzyg7wwx+OD5J8g==",
          "requires": {
            "multimix": "^5.0.0"
          }
        }
      }
    },
    "inflight": {
      "version": "1.0.6",
      "resolved": "https://registry.npmjs.org/inflight/-/inflight-1.0.6.tgz",
      "integrity": "sha512-k92I/b08q4wvFscXCLvqfsHCrjrF7yiXsQuIVvVE7N82W3+aqpzuUdBbfhWcy/FZR3/4IgflMgKLOsvPDrGCJA==",
      "peer": true,
      "requires": {
        "once": "^1.3.0",
        "wrappy": "1"
      }
    },
    "inherits": {
      "version": "2.0.4",
      "resolved": "https://registry.npmjs.org/inherits/-/inherits-2.0.4.tgz",
      "integrity": "sha512-k/vGaX4/Yla3WzyMCvTQOXYeIHvqOKtnqBduzTHpzpQZzAskKMhZ2K+EnBiSM9zGSoIFeMpXKxa4dYeZIQqewQ==",
      "peer": true
    },
    "intertype": {
      "version": "7.7.0",
      "resolved": "https://registry.npmjs.org/intertype/-/intertype-7.7.0.tgz",
      "integrity": "sha512-Sv923oXpq9In8/CuxP5KAKc3FIETOEl23ltwSfLOnn/8V8A5pDRlxWo0vhaA6p7WybRMgeZXsE4Etw98tWUMPA==",
      "requires": {
        "multimix": "^5.0.0"
      }
    },
    "intertype-legacy": {
      "version": "7.7.1",
      "resolved": "https://registry.npmjs.org/intertype-legacy/-/intertype-legacy-7.7.1.tgz",
      "integrity": "sha512-Bj3k9bCu8vA6JLIvnCrJXOdkecgY5wtCmORclJ87uq22N53swREHT5bezSeK5TwcxgSJEDg2wEfcn4kNr9Qv8A==",
      "requires": {
        "multimix": "^5.0.0"
      }
    },
    "is-fullwidth-code-point": {
      "version": "3.0.0",
      "resolved": "https://registry.npmjs.org/is-fullwidth-code-point/-/is-fullwidth-code-point-3.0.0.tgz",
      "integrity": "sha512-zymm5+u+sCsSWyD9qNaejV3DFvhCKclKdizYaJUuHA83RLjb7nSuGnddCHGv0hk+KY7BMAlsWeK4Ueg6EV6XQg=="
    },
    "jsx-number-format": {
      "version": "0.1.5",
      "resolved": "https://registry.npmjs.org/jsx-number-format/-/jsx-number-format-0.1.5.tgz",
      "integrity": "sha512-eS1SvW5Lm+UQOrpxqtTF6NgPDupYlCV1GXJr+f/1yp+nwQH/4qW6XarwCcdphQjNHrJFC4ko2MgRyRDS/ypqZw=="
    },
    "letsfreezethat": {
      "version": "3.1.0",
      "resolved": "https://registry.npmjs.org/letsfreezethat/-/letsfreezethat-3.1.0.tgz",
      "integrity": "sha512-jJ1nvvQi6unW0WifjNPMIb64Byom0EXzSKWFYA++EpyjK3qv1J2pqeSoEJ61tGJoNG0GoNjPoeLYhxW16riZaA=="
    },
    "minimatch": {
      "version": "3.1.2",
      "resolved": "https://registry.npmjs.org/minimatch/-/minimatch-3.1.2.tgz",
      "integrity": "sha512-J7p63hRiAjw1NDEww1W7i37+ByIrOWO5XQQAzZ3VOcL0PNybwpfmV/N05zFAzwQ9USyEcX6t3UO+K5aqBQOIHw==",
      "peer": true,
      "requires": {
        "brace-expansion": "^1.1.7"
      }
    },
    "multimix": {
      "version": "5.0.0",
      "resolved": "https://registry.npmjs.org/multimix/-/multimix-5.0.0.tgz",
      "integrity": "sha512-N9cdGSDDD7kxOV7R6e4iZqsHTZ4F4iiSDWqMcVqx4gEH6HBtRXav39Gj3fgT1YqvBcwPCQuf0Oa5R2cDaLWK8A=="
    },
    "once": {
      "version": "1.4.0",
      "resolved": "https://registry.npmjs.org/once/-/once-1.4.0.tgz",
      "integrity": "sha512-lNaJgI+2Q5URQBkccEKHTQOPaXdUxnZZElQTZY0MFUAuaEqe1E+Nyvgdz/aIyNi6Z9MzO5dv1H8n58/GELp3+w==",
      "peer": true,
      "requires": {
        "wrappy": "1"
      }
    },
    "path-is-absolute": {
      "version": "1.0.1",
      "resolved": "https://registry.npmjs.org/path-is-absolute/-/path-is-absolute-1.0.1.tgz",
      "integrity": "sha512-AVbw3UJ2e9bq64vSaS9Am0fje1Pa8pbGqTTsmXfaIiMpnr5DlDhfJOuLj9Sf95ZPVDAUerDfEk88MPmPe7UCQg==",
      "peer": true
    },
    "regenerator-runtime": {
      "version": "0.13.11",
      "resolved": "https://registry.npmjs.org/regenerator-runtime/-/regenerator-runtime-0.13.11.tgz",
      "integrity": "sha512-kY1AZVr2Ra+t+piVaJ4gxaFaReZVH40AKNo7UCX6W+dEwBo/2oZJzqfuN1qLq1oL45o56cPaTXELwrTh8Fpggg=="
    },
    "rfdc": {
      "version": "1.3.0",
      "resolved": "https://registry.npmjs.org/rfdc/-/rfdc-1.3.0.tgz",
      "integrity": "sha512-V2hovdzFbOi77/WajaSMXk2OLm+xNIeQdMMuB7icj7bk6zi2F8GGAxigcnDFpJHbNyNcgyJDiP+8nOrY5cZGrA=="
    },
    "rimraf": {
      "version": "3.0.2",
      "resolved": "https://registry.npmjs.org/rimraf/-/rimraf-3.0.2.tgz",
      "integrity": "sha512-JZkJMZkAGFFPP2YqXZXPbMlMBgsxzE8ILs4lMIX/2o0L9UBw9O/Y3o6wFw/i9YLapcUJWwqbi3kdxIPdC62TIA==",
      "peer": true,
      "requires": {
        "glob": "^7.1.3"
      }
    },
    "string-width": {
      "version": "4.2.3",
      "resolved": "https://registry.npmjs.org/string-width/-/string-width-4.2.3.tgz",
      "integrity": "sha512-wKyQRQpjJ0sIp62ErSZdGsjMJWsap5oRNihHhu6G7JVO/9jIB6UyevL+tXuOqrng8j/cxKTWyWUwvSTriiZz/g==",
      "requires": {
        "emoji-regex": "^8.0.0",
        "is-fullwidth-code-point": "^3.0.0",
        "strip-ansi": "^6.0.1"
      }
    },
    "strip-ansi": {
      "version": "6.0.1",
      "resolved": "https://registry.npmjs.org/strip-ansi/-/strip-ansi-6.0.1.tgz",
      "integrity": "sha512-Y38VPSHcqkFrCpFnQ9vuSXmquuv5oXOKpGeT6aGrr3o3Gc9AlVa6JBfUSOCnbxGGZF+/0ooI7KrPuUSztUdU5A==",
      "requires": {
        "ansi-regex": "^5.0.1"
      }
    },
    "tmp": {
      "version": "0.2.1",
      "resolved": "https://registry.npmjs.org/tmp/-/tmp-0.2.1.tgz",
      "integrity": "sha512-76SUhtfqR2Ijn+xllcI5P1oyannHNHByD80W1q447gU3mp9G9PSpGdWmjUOHRDPiHYacIk66W7ubDTuPF3BEtQ==",
      "peer": true,
      "requires": {
        "rimraf": "^3.0.0"
      }
    },
    "to-width": {
      "version": "1.2.0",
      "resolved": "https://registry.npmjs.org/to-width/-/to-width-1.2.0.tgz",
      "integrity": "sha512-ok/CRyzSZVA6xk9t5PuWuh3SHqCtKCkhI6dfF2YaVX11clXz4yAxxyesC27+m54ilrMRtqTI9UNQRct8lwVYZQ==",
      "requires": {
        "string-width": "4.2.3",
        "wcstring": "^2.1.1"
      }
    },
    "varsize-string": {
      "version": "2.2.2",
      "resolved": "https://registry.npmjs.org/varsize-string/-/varsize-string-2.2.2.tgz",
      "integrity": "sha512-Wuq8/cNzDSWYYQ1KlTk6IyGrRJOMU1YX21RSgEl3psbAGdExTBOIDWd80Z1n74A/24kStNT9QgylJHVjqgRpsQ=="
    },
    "wcsize": {
      "version": "1.0.0",
      "resolved": "https://registry.npmjs.org/wcsize/-/wcsize-1.0.0.tgz",
      "integrity": "sha512-80ziCk3Z+iLfhgAbMBMU+PjoSFi9dg0FIKYd9xRiF15wfwJlzxu1mdIUdIv9iE1gpkX/4hV2QBbkNlydXgEFMA=="
    },
    "wcstring": {
      "version": "2.1.1",
      "resolved": "https://registry.npmjs.org/wcstring/-/wcstring-2.1.1.tgz",
      "integrity": "sha512-81yoFUY/2Fw4RFzIkrlC47g7023/XkKofj62CNFT1kdZn6z7o2xhz8ffR7Wat76SuJTmrFNLmGDd7FLaZsIo5A==",
      "requires": {
        "varsize-string": "^2.2.1",
        "wcsize": "^1.0.0"
      }
    },
    "wrappy": {
      "version": "1.0.2",
      "resolved": "https://registry.npmjs.org/wrappy/-/wrappy-1.0.2.tgz",
      "integrity": "sha512-l4Sp/DRseor9wL6EvV2+TuQn63dMkPjZ/sp9XkghTEbV9KlPS1xUsZ3u7/IQO4wxtcFB4bgpQPRcR3QCvezPcQ==",
      "peer": true
    },
    "xregexp": {
      "version": "5.1.1",
      "resolved": "https://registry.npmjs.org/xregexp/-/xregexp-5.1.1.tgz",
      "integrity": "sha512-fKXeVorD+CzWvFs7VBuKTYIW63YD1e1osxwQ8caZ6o1jg6pDAbABDG54LCIq0j5cy7PjRvGIq6sef9DYPXpncg==",
      "requires": {
        "@babel/runtime-corejs3": "^7.16.5"
      }
    }
  }
}
